
Microsoft Visual Studio Solution File, Format Version 12.00
# Visual Studio Version 17
VisualStudioVersion = 17.4.33122.133
MinimumVisualStudioVersion = 10.0.40219.1
Project("{FAE04EC0-301F-11D3-BF4B-00C04F79EFBC}") = "Class constructor,inheritance tasks", "Class constructor,inheritance tasks\Class constructor,inheritance tasks.csproj", "{6FBCF0BB-80F9-4363-BF15-34C7C3759CF7}"
EndProject
Global
	GlobalSection(SolutionConfigurationPlatforms) = preSolution
		Debug|Any CPU = Debug|Any CPU
		Release|Any CPU = Release|Any CPU
	EndGlobalSection
	GlobalSection(ProjectConfigurationPlatforms) = postSolution
		{6FBCF0BB-80F9-4363-BF15-34C7C3759CF7}.Debug|Any CPU.ActiveCfg = Debug|Any CPU
		{6FBCF0BB-80F9-4363-BF15-34C7C3759CF7}.Debug|Any CPU.Build.0 = Debug|Any CPU
		{6FBCF0BB-80F9-4363-BF15-34C7C3759CF7}.Release|Any CPU.ActiveCfg = Release|Any CPU
		{6FBCF0BB-80F9-4363-BF15-34C7C3759CF7}.Release|Any CPU.Build.0 = Release|Any CPU
	EndGlobalSection
	GlobalSection(SolutionProperties) = preSolution
		HideSolutionNode = FALSE
	EndGlobalSection
	GlobalSection(ExtensibilityGlobals) = postSolution
		SolutionGuid = {F3E019EF-4A96-45CC-80BE-C010C6436B4E}
	EndGlobalSection
EndGlobal
